{
  "version": 4,
  "terraform_version": "1.2.7",
  "serial": 927,
  "lineage": "87db214c-8e4c-42e5-0c6f-d81bf1674b3a",
  "outputs": {
    "pub-snetid": {
      "value": "subnet-0e6f66bf0600ae342",
      "type": "string"
    }
  },
  "resources": [
    {
      "mode": "data",
      "type": "aws_availability_zones",
      "name": "available",
      "provider": "provider[\"registry.terraform.io/hashicorp/aws\"]",
      "instances": [
        {
          "schema_version": 0,
          "attributes": {
            "all_availability_zones": null,
            "exclude_names": null,
            "exclude_zone_ids": null,
            "filter": null,
            "group_names": [
              "ap-southeast-1"
            ],
            "id": "ap-southeast-1",
            "names": [
              "ap-southeast-1a",
              "ap-southeast-1b",
              "ap-southeast-1c"
            ],
            "state": "available",
            "timeouts": null,
            "zone_ids": [
              "apse1-az1",
              "apse1-az2",
              "apse1-az3"
            ]
          },
          "sensitive_attributes": []
        }
      ]
    },
    {
      "module": "module.ec2",
      "mode": "data",
      "type": "template_file",
      "name": "nginx",
      "provider": "provider[\"registry.terraform.io/hashicorp/template\"]",
      "instances": [
        {
          "schema_version": 0,
          "attributes": {
            "filename": null,
            "id": "b18f0ad9ac67f57fb86f4acfdff537911a96500c8aab8b2cbc85289c59a0ffa8",
            "rendered": "##\n# You should look at the following URL's in order to grasp a solid understanding\n# of Nginx configuration files in order to fully unleash the power of Nginx.\n# https://www.nginx.com/resources/wiki/start/\n# https://www.nginx.com/resources/wiki/start/topics/tutorials/config_pitfalls/\n# https://wiki.debian.org/Nginx/DirectoryStructure\n#\n# In most cases, administrators will remove this file from sites-enabled/ and\n# leave it as reference inside of sites-available where it will continue to be\n# updated by the nginx packaging team.\n#\n# This file will automatically load configuration files provided by other\n# applications, such as Drupal or Wordpress. These applications will be made\n# available underneath a path with that package name, such as /drupal8.\n#\n# Please see /usr/share/doc/nginx-doc/examples/ for more detailed examples.\n##\n\n# Default server configuration\n#\nserver {\n\tlisten 80 ;\n\t# listen [::]:80 default_server;\n\n\t# SSL configuration\n\t#\n\t# listen 443 ssl default_server;\n\t# listen [::]:443 ssl default_server;\n\t#\n\t# Note: You should disable gzip for SSL traffic.\n\t# See: https://bugs.debian.org/773332\n\t#\n\t# Read up on ssl_ciphers to ensure a secure configuration.\n\t# See: https://bugs.debian.org/765782\n\t#\n\t# Self signed certs generated by the ssl-cert package\n\t# Don't use them in a production server!\n\t#\n\t# include snippets/snakeoil.conf;\n\n\troot /var/www/html/wordpress;\n\n\t# Add index.php to the list if you are using PHP\n\tindex index.php ;\n\n\tserver_name _;\n\n\tlocation /tomcat/ {\n\t\tproxy_set_header X-Forwarded-Host $host;\n\t\tproxy_set_header X-Forwarded-Server $host;\n\t\tproxy_set_header X-Forwarded-For $proxy_add_x_forwarded_for;\n\t\tproxy_pass http://127.0.0.1:8080/;\n\t}\n\n\t# pass PHP scripts to FastCGI server\n\t#\n\tlocation ~ \\.php$ {\n\t\tinclude snippets/fastcgi-php.conf;\n\t#\n\t#\t# With php-fpm (or other unix sockets):\n\t\tfastcgi_pass unix:/run/php/php7.4-fpm.sock;\n\t#\t# With php-cgi (or other tcp sockets):\n\t#\tfastcgi_pass 127.0.0.1:9000;\n\t}\n\tlocation / {\n                # First attempt to serve request as file, then\n                # as directory, then fall back to displaying a 404.\n                try_files $uri $uri/ =404;\n        }\n\n\t# deny access to .htaccess files, if Apache's document root\n\t# concurs with nginx's one\n\t#\n\t#location ~ /\\.ht {\n\t#\tdeny all;\n\t#}\n}\n\n\n# Virtual Host configuration for example.com\n#\n# You can move that to a different file under sites-available/ and symlink that\n# to sites-enabled/ to enable it.\n#\n#server {\n#\tlisten 80;\n#\tlisten [::]:80;\n#\n#\tserver_name example.com;\n#\n#\troot /var/www/example.com;\n#\tindex index.html;\n#\n#\tlocation / {\n#\t\ttry_files $uri $uri/ =404;\n#\t}\n#}\n",
            "template": "##\n# You should look at the following URL's in order to grasp a solid understanding\n# of Nginx configuration files in order to fully unleash the power of Nginx.\n# https://www.nginx.com/resources/wiki/start/\n# https://www.nginx.com/resources/wiki/start/topics/tutorials/config_pitfalls/\n# https://wiki.debian.org/Nginx/DirectoryStructure\n#\n# In most cases, administrators will remove this file from sites-enabled/ and\n# leave it as reference inside of sites-available where it will continue to be\n# updated by the nginx packaging team.\n#\n# This file will automatically load configuration files provided by other\n# applications, such as Drupal or Wordpress. These applications will be made\n# available underneath a path with that package name, such as /drupal8.\n#\n# Please see /usr/share/doc/nginx-doc/examples/ for more detailed examples.\n##\n\n# Default server configuration\n#\nserver {\n\tlisten 80 ;\n\t# listen [::]:80 default_server;\n\n\t# SSL configuration\n\t#\n\t# listen 443 ssl default_server;\n\t# listen [::]:443 ssl default_server;\n\t#\n\t# Note: You should disable gzip for SSL traffic.\n\t# See: https://bugs.debian.org/773332\n\t#\n\t# Read up on ssl_ciphers to ensure a secure configuration.\n\t# See: https://bugs.debian.org/765782\n\t#\n\t# Self signed certs generated by the ssl-cert package\n\t# Don't use them in a production server!\n\t#\n\t# include snippets/snakeoil.conf;\n\n\troot /var/www/html/wordpress;\n\n\t# Add index.php to the list if you are using PHP\n\tindex index.php ;\n\n\tserver_name _;\n\n\tlocation /tomcat/ {\n\t\tproxy_set_header X-Forwarded-Host $host;\n\t\tproxy_set_header X-Forwarded-Server $host;\n\t\tproxy_set_header X-Forwarded-For $proxy_add_x_forwarded_for;\n\t\tproxy_pass http://127.0.0.1:8080/;\n\t}\n\n\t# pass PHP scripts to FastCGI server\n\t#\n\tlocation ~ \\.php$ {\n\t\tinclude snippets/fastcgi-php.conf;\n\t#\n\t#\t# With php-fpm (or other unix sockets):\n\t\tfastcgi_pass unix:/run/php/php7.4-fpm.sock;\n\t#\t# With php-cgi (or other tcp sockets):\n\t#\tfastcgi_pass 127.0.0.1:9000;\n\t}\n\tlocation / {\n                # First attempt to serve request as file, then\n                # as directory, then fall back to displaying a 404.\n                try_files $uri $uri/ =404;\n        }\n\n\t# deny access to .htaccess files, if Apache's document root\n\t# concurs with nginx's one\n\t#\n\t#location ~ /\\.ht {\n\t#\tdeny all;\n\t#}\n}\n\n\n# Virtual Host configuration for example.com\n#\n# You can move that to a different file under sites-available/ and symlink that\n# to sites-enabled/ to enable it.\n#\n#server {\n#\tlisten 80;\n#\tlisten [::]:80;\n#\n#\tserver_name example.com;\n#\n#\troot /var/www/example.com;\n#\tindex index.html;\n#\n#\tlocation / {\n#\t\ttry_files $uri $uri/ =404;\n#\t}\n#}\n",
            "vars": null
          },
          "sensitive_attributes": []
        }
      ]
    },
    {
      "module": "module.ec2",
      "mode": "data",
      "type": "template_file",
      "name": "wpconfig",
      "provider": "provider[\"registry.terraform.io/hashicorp/template\"]",
      "instances": [
        {
          "schema_version": 0,
          "attributes": {
            "filename": null,
            "id": "b771ee3d39f54b21495ed586f8afa39a2531cde23effb8abc0b2753c9e20d0f0",
            "rendered": "\u003c?php\r\n/**\r\n * The base configuration for WordPress\r\n *\r\n * The wp-config.php creation script uses this file during the installation.\r\n * You don't have to use the web site, you can copy this file to \"wp-config.php\"\r\n * and fill in the values.\r\n *\r\n * This file contains the following configurations:\r\n *\r\n * * Database settings\r\n * * Secret keys\r\n * * Database table prefix\r\n * * ABSPATH\r\n *\r\n * @link https://wordpress.org/support/article/editing-wp-config-php/\r\n *\r\n * @package WordPress\r\n */\r\n\r\n// ** Database settings - You can get this info from your web host ** //\r\n/** The name of the database for WordPress */\r\ndefine( 'DB_NAME', 'mydb' );\r\n\r\n/** Database username */\r\ndefine( 'DB_USER', 'admin' );\r\n\r\n/** Database password */\r\ndefine( 'DB_PASSWORD', 'zxcvbnm123' );\r\n\r\n/** Database hostname */\r\ndefine( 'DB_HOST', 'terraform-20220905114734242300000001.czlaowq6pldj.ap-southeast-1.rds.amazonaws.com' );\r\n\r\n/** Database charset to use in creating database tables. */\r\ndefine( 'DB_CHARSET', 'utf8' );\r\n\r\n/** The database collate type. Don't change this if in doubt. */\r\ndefine( 'DB_COLLATE', '' );\r\n\r\n/**#@+\r\n * Authentication unique keys and salts.\r\n *\r\n * Change these to different unique phrases! You can generate these using\r\n * the {@link https://api.wordpress.org/secret-key/1.1/salt/ WordPress.org secret-key service}.\r\n *\r\n * You can change these at any point in time to invalidate all existing cookies.\r\n * This will force all users to have to log in again.\r\n *\r\n * @since 2.6.0\r\n */\r\ndefine( 'AUTH_KEY',         'put your unique phrase here' );\r\ndefine( 'SECURE_AUTH_KEY',  'put your unique phrase here' );\r\ndefine( 'LOGGED_IN_KEY',    'put your unique phrase here' );\r\ndefine( 'NONCE_KEY',        'put your unique phrase here' );\r\ndefine( 'AUTH_SALT',        'put your unique phrase here' );\r\ndefine( 'SECURE_AUTH_SALT', 'put your unique phrase here' );\r\ndefine( 'LOGGED_IN_SALT',   'put your unique phrase here' );\r\ndefine( 'NONCE_SALT',       'put your unique phrase here' );\r\n\r\n/**#@-*/\r\n\r\n/**\r\n * WordPress database table prefix.\r\n *\r\n * You can have multiple installations in one database if you give each\r\n * a unique prefix. Only numbers, letters, and underscores please!\r\n */\r\n$table_prefix = 'wp_';\r\n\r\n/**\r\n * For developers: WordPress debugging mode.\r\n *\r\n * Change this to true to enable the display of notices during development.\r\n * It is strongly recommended that plugin and theme developers use WP_DEBUG\r\n * in their development environments.\r\n *\r\n * For information on other constants that can be used for debugging,\r\n * visit the documentation.\r\n *\r\n * @link https://wordpress.org/support/article/debugging-in-wordpress/\r\n */\r\ndefine( 'WP_DEBUG', false );\r\n\r\n/* Add any custom values between this line and the \"stop editing\" line. */\r\n\r\n\r\n\r\n/* That's all, stop editing! Happy publishing. */\r\n\r\n/** Absolute path to the WordPress directory. */\r\nif ( ! defined( 'ABSPATH' ) ) {\r\n\tdefine( 'ABSPATH', __DIR__ . '/' );\r\n}\r\n\r\n/** Sets up WordPress vars and included files. */\r\nrequire_once ABSPATH . 'wp-settings.php';\r\n",
            "template": "\u003c?php\r\n/**\r\n * The base configuration for WordPress\r\n *\r\n * The wp-config.php creation script uses this file during the installation.\r\n * You don't have to use the web site, you can copy this file to \"wp-config.php\"\r\n * and fill in the values.\r\n *\r\n * This file contains the following configurations:\r\n *\r\n * * Database settings\r\n * * Secret keys\r\n * * Database table prefix\r\n * * ABSPATH\r\n *\r\n * @link https://wordpress.org/support/article/editing-wp-config-php/\r\n *\r\n * @package WordPress\r\n */\r\n\r\n// ** Database settings - You can get this info from your web host ** //\r\n/** The name of the database for WordPress */\r\ndefine( 'DB_NAME', '${db_name}' );\r\n\r\n/** Database username */\r\ndefine( 'DB_USER', '${db_user}' );\r\n\r\n/** Database password */\r\ndefine( 'DB_PASSWORD', '${db_pass}' );\r\n\r\n/** Database hostname */\r\ndefine( 'DB_HOST', '${db_host}' );\r\n\r\n/** Database charset to use in creating database tables. */\r\ndefine( 'DB_CHARSET', 'utf8' );\r\n\r\n/** The database collate type. Don't change this if in doubt. */\r\ndefine( 'DB_COLLATE', '' );\r\n\r\n/**#@+\r\n * Authentication unique keys and salts.\r\n *\r\n * Change these to different unique phrases! You can generate these using\r\n * the {@link https://api.wordpress.org/secret-key/1.1/salt/ WordPress.org secret-key service}.\r\n *\r\n * You can change these at any point in time to invalidate all existing cookies.\r\n * This will force all users to have to log in again.\r\n *\r\n * @since 2.6.0\r\n */\r\ndefine( 'AUTH_KEY',         'put your unique phrase here' );\r\ndefine( 'SECURE_AUTH_KEY',  'put your unique phrase here' );\r\ndefine( 'LOGGED_IN_KEY',    'put your unique phrase here' );\r\ndefine( 'NONCE_KEY',        'put your unique phrase here' );\r\ndefine( 'AUTH_SALT',        'put your unique phrase here' );\r\ndefine( 'SECURE_AUTH_SALT', 'put your unique phrase here' );\r\ndefine( 'LOGGED_IN_SALT',   'put your unique phrase here' );\r\ndefine( 'NONCE_SALT',       'put your unique phrase here' );\r\n\r\n/**#@-*/\r\n\r\n/**\r\n * WordPress database table prefix.\r\n *\r\n * You can have multiple installations in one database if you give each\r\n * a unique prefix. Only numbers, letters, and underscores please!\r\n */\r\n$table_prefix = 'wp_';\r\n\r\n/**\r\n * For developers: WordPress debugging mode.\r\n *\r\n * Change this to true to enable the display of notices during development.\r\n * It is strongly recommended that plugin and theme developers use WP_DEBUG\r\n * in their development environments.\r\n *\r\n * For information on other constants that can be used for debugging,\r\n * visit the documentation.\r\n *\r\n * @link https://wordpress.org/support/article/debugging-in-wordpress/\r\n */\r\ndefine( 'WP_DEBUG', false );\r\n\r\n/* Add any custom values between this line and the \"stop editing\" line. */\r\n\r\n\r\n\r\n/* That's all, stop editing! Happy publishing. */\r\n\r\n/** Absolute path to the WordPress directory. */\r\nif ( ! defined( 'ABSPATH' ) ) {\r\n\tdefine( 'ABSPATH', __DIR__ . '/' );\r\n}\r\n\r\n/** Sets up WordPress vars and included files. */\r\nrequire_once ABSPATH . 'wp-settings.php';\r\n",
            "vars": {
              "db_host": "terraform-20220905114734242300000001.czlaowq6pldj.ap-southeast-1.rds.amazonaws.com",
              "db_name": "mydb",
              "db_pass": "zxcvbnm123",
              "db_user": "admin"
            }
          },
          "sensitive_attributes": []
        }
      ]
    },
    {
      "module": "module.ec2",
      "mode": "managed",
      "type": "aws_db_instance",
      "name": "database13",
      "provider": "provider[\"registry.terraform.io/hashicorp/aws\"]",
      "instances": [
        {
          "schema_version": 1,
          "attributes": {
            "address": "terraform-20220905114734242300000001.czlaowq6pldj.ap-southeast-1.rds.amazonaws.com",
            "allocated_storage": 20,
            "allow_major_version_upgrade": null,
            "apply_immediately": null,
            "arn": "arn:aws:rds:ap-southeast-1:272459341377:db:terraform-20220905114734242300000001",
            "auto_minor_version_upgrade": true,
            "availability_zone": "ap-southeast-1a",
            "backup_retention_period": 0,
            "backup_window": "15:00-15:30",
            "ca_cert_identifier": "rds-ca-2019",
            "character_set_name": "",
            "copy_tags_to_snapshot": false,
            "customer_owned_ip_enabled": false,
            "db_name": "mydb",
            "db_subnet_group_name": "mydb-snet",
            "delete_automated_backups": true,
            "deletion_protection": false,
            "domain": "",
            "domain_iam_role_name": "",
            "enabled_cloudwatch_logs_exports": null,
            "endpoint": "terraform-20220905114734242300000001.czlaowq6pldj.ap-southeast-1.rds.amazonaws.com:3306",
            "engine": "mysql",
            "engine_version": "8.0",
            "engine_version_actual": "8.0.28",
            "final_snapshot_identifier": null,
            "hosted_zone_id": "Z2G0U3KFCY8NZ5",
            "iam_database_authentication_enabled": false,
            "id": "terraform-20220905114734242300000001",
            "identifier": "terraform-20220905114734242300000001",
            "identifier_prefix": "terraform-",
            "instance_class": "db.t3.micro",
            "iops": 0,
            "kms_key_id": "",
            "latest_restorable_time": "",
            "license_model": "general-public-license",
            "maintenance_window": "wed:21:24-wed:21:54",
            "max_allocated_storage": 0,
            "monitoring_interval": 0,
            "monitoring_role_arn": "",
            "multi_az": false,
            "name": "mydb",
            "nchar_character_set_name": "",
            "option_group_name": "default:mysql-8-0",
            "parameter_group_name": "default.mysql8.0",
            "password": "zxcvbnm123",
            "performance_insights_enabled": false,
            "performance_insights_kms_key_id": "",
            "performance_insights_retention_period": 0,
            "port": 3306,
            "publicly_accessible": false,
            "replica_mode": "",
            "replicas": [],
            "replicate_source_db": "",
            "resource_id": "db-2EWZIZEHJDZSRQQ2YTB23CIGMY",
            "restore_to_point_in_time": [],
            "s3_import": [],
            "security_group_names": null,
            "skip_final_snapshot": true,
            "snapshot_identifier": null,
            "status": "available",
            "storage_encrypted": false,
            "storage_type": "gp2",
            "tags": null,
            "tags_all": {},
            "timeouts": null,
            "timezone": "",
            "username": "admin",
            "vpc_security_group_ids": [
              "sg-009921f78a9773258"
            ]
          },
          "sensitive_attributes": [],
          "private": "eyJlMmJmYjczMC1lY2FhLTExZTYtOGY4OC0zNDM2M2JjN2M0YzAiOnsiY3JlYXRlIjoyNDAwMDAwMDAwMDAwLCJkZWxldGUiOjM2MDAwMDAwMDAwMDAsInVwZGF0ZSI6NDgwMDAwMDAwMDAwMH0sInNjaGVtYV92ZXJzaW9uIjoiMSJ9",
          "dependencies": [
            "module.ec2.aws_db_subnet_group.mydb-snetgrp",
            "module.nw.aws_subnet.pub-snet",
            "module.nw.aws_vpc.test_vpc",
            "module.sg.aws_security_group.allow_tls",
            "module.sg2.aws_security_group.allow_tls"
          ]
        }
      ]
    },
    {
      "module": "module.ec2",
      "mode": "managed",
      "type": "aws_db_subnet_group",
      "name": "mydb-snetgrp",
      "provider": "provider[\"registry.terraform.io/hashicorp/aws\"]",
      "instances": [
        {
          "schema_version": 0,
          "attributes": {
            "arn": "arn:aws:rds:ap-southeast-1:272459341377:subgrp:mydb-snet",
            "description": "Managed by Terraform",
            "id": "mydb-snet",
            "name": "mydb-snet",
            "name_prefix": null,
            "subnet_ids": [
              "subnet-007ee61a72ad28ae0",
              "subnet-0e6f66bf0600ae342"
            ],
            "tags": {
              "Name": "My DB subnet group"
            },
            "tags_all": {
              "Name": "My DB subnet group"
            }
          },
          "sensitive_attributes": [],
          "private": "bnVsbA==",
          "dependencies": [
            "module.nw.aws_subnet.pub-snet",
            "module.nw.aws_vpc.test_vpc"
          ]
        }
      ]
    },
    {
      "module": "module.ec2",
      "mode": "managed",
      "type": "aws_instance",
      "name": "web",
      "provider": "provider[\"registry.terraform.io/hashicorp/aws\"]",
      "instances": [
        {
          "schema_version": 1,
          "attributes": {
            "ami": "ami-04ff9e9b51c1f62ca",
            "arn": "arn:aws:ec2:ap-southeast-1:272459341377:instance/i-0aee90799106b4272",
            "associate_public_ip_address": true,
            "availability_zone": "ap-southeast-1a",
            "capacity_reservation_specification": [
              {
                "capacity_reservation_preference": "open",
                "capacity_reservation_target": []
              }
            ],
            "cpu_core_count": 1,
            "cpu_threads_per_core": 1,
            "credit_specification": [
              {
                "cpu_credits": "standard"
              }
            ],
            "disable_api_stop": false,
            "disable_api_termination": false,
            "ebs_block_device": [],
            "ebs_optimized": false,
            "enclave_options": [
              {
                "enabled": false
              }
            ],
            "ephemeral_block_device": [],
            "get_password_data": false,
            "hibernation": false,
            "host_id": null,
            "iam_instance_profile": "",
            "id": "i-0aee90799106b4272",
            "instance_initiated_shutdown_behavior": "stop",
            "instance_state": "running",
            "instance_type": "t2.micro",
            "ipv6_address_count": 0,
            "ipv6_addresses": [],
            "key_name": "key_singapore",
            "launch_template": [],
            "maintenance_options": [
              {
                "auto_recovery": "default"
              }
            ],
            "metadata_options": [
              {
                "http_endpoint": "enabled",
                "http_put_response_hop_limit": 1,
                "http_tokens": "optional",
                "instance_metadata_tags": "disabled"
              }
            ],
            "monitoring": false,
            "network_interface": [],
            "outpost_arn": "",
            "password_data": "",
            "placement_group": "",
            "placement_partition_number": null,
            "primary_network_interface_id": "eni-01f84d9fd4004ddee",
            "private_dns": "ip-10-0-1-17.ap-southeast-1.compute.internal",
            "private_dns_name_options": [
              {
                "enable_resource_name_dns_a_record": false,
                "enable_resource_name_dns_aaaa_record": false,
                "hostname_type": "ip-name"
              }
            ],
            "private_ip": "10.0.1.17",
            "public_dns": "",
            "public_ip": "52.77.249.149",
            "root_block_device": [
              {
                "delete_on_termination": true,
                "device_name": "/dev/sda1",
                "encrypted": false,
                "iops": 100,
                "kms_key_id": "",
                "tags": {},
                "throughput": 0,
                "volume_id": "vol-03cbb568a762ba604",
                "volume_size": 8,
                "volume_type": "gp2"
              }
            ],
            "secondary_private_ips": [],
            "security_groups": [
              "sg-0009a2e4a707eed6b"
            ],
            "source_dest_check": true,
            "subnet_id": "subnet-0e6f66bf0600ae342",
            "tags": {
              "Name": "default_ec2"
            },
            "tags_all": {
              "Name": "default_ec2"
            },
            "tenancy": "default",
            "timeouts": null,
            "user_data": "bb64e2c4eb92cfd7c1c57969f2d732958dfbff7b",
            "user_data_base64": null,
            "user_data_replace_on_change": false,
            "volume_tags": null,
            "vpc_security_group_ids": [
              "sg-0009a2e4a707eed6b"
            ]
          },
          "sensitive_attributes": [],
          "private": "eyJlMmJmYjczMC1lY2FhLTExZTYtOGY4OC0zNDM2M2JjN2M0YzAiOnsiY3JlYXRlIjo2MDAwMDAwMDAwMDAsImRlbGV0ZSI6MTIwMDAwMDAwMDAwMCwidXBkYXRlIjo2MDAwMDAwMDAwMDB9LCJzY2hlbWFfdmVyc2lvbiI6IjEifQ==",
          "dependencies": [
            "module.ec2.aws_db_instance.database13",
            "module.ec2.aws_db_subnet_group.mydb-snetgrp",
            "module.ec2.data.template_file.nginx",
            "module.ec2.data.template_file.wpconfig",
            "module.nw.aws_subnet.pub-snet",
            "module.nw.aws_vpc.test_vpc",
            "module.sg.aws_security_group.allow_tls",
            "module.sg2.aws_security_group.allow_tls"
          ]
        }
      ]
    },
    {
      "module": "module.nw",
      "mode": "data",
      "type": "aws_availability_zones",
      "name": "available",
      "provider": "provider[\"registry.terraform.io/hashicorp/aws\"]",
      "instances": [
        {
          "schema_version": 0,
          "attributes": {
            "all_availability_zones": null,
            "exclude_names": null,
            "exclude_zone_ids": null,
            "filter": null,
            "group_names": [
              "ap-southeast-1"
            ],
            "id": "ap-southeast-1",
            "names": [
              "ap-southeast-1a",
              "ap-southeast-1b",
              "ap-southeast-1c"
            ],
            "state": "available",
            "timeouts": null,
            "zone_ids": [
              "apse1-az1",
              "apse1-az2",
              "apse1-az3"
            ]
          },
          "sensitive_attributes": []
        }
      ]
    },
    {
      "module": "module.nw",
      "mode": "managed",
      "type": "aws_internet_gateway",
      "name": "igw",
      "provider": "provider[\"registry.terraform.io/hashicorp/aws\"]",
      "instances": [
        {
          "schema_version": 0,
          "attributes": {
            "arn": "arn:aws:ec2:ap-southeast-1:272459341377:internet-gateway/igw-06de32ef37a29f4ad",
            "id": "igw-06de32ef37a29f4ad",
            "owner_id": "272459341377",
            "tags": {
              "Name": "default_vpc_pub_igw",
              "env": "default"
            },
            "tags_all": {
              "Name": "default_vpc_pub_igw",
              "env": "default"
            },
            "timeouts": null,
            "vpc_id": "vpc-0871ec0190f726348"
          },
          "sensitive_attributes": [],
          "private": "eyJlMmJmYjczMC1lY2FhLTExZTYtOGY4OC0zNDM2M2JjN2M0YzAiOnsiY3JlYXRlIjoxMjAwMDAwMDAwMDAwLCJkZWxldGUiOjEyMDAwMDAwMDAwMDAsInVwZGF0ZSI6MTIwMDAwMDAwMDAwMH19",
          "dependencies": [
            "module.nw.aws_vpc.test_vpc"
          ]
        }
      ]
    },
    {
      "module": "module.nw",
      "mode": "managed",
      "type": "aws_route_table",
      "name": "pub_rt",
      "provider": "provider[\"registry.terraform.io/hashicorp/aws\"]",
      "instances": [
        {
          "schema_version": 0,
          "attributes": {
            "arn": "arn:aws:ec2:ap-southeast-1:272459341377:route-table/rtb-01a0560f0b6348ac9",
            "id": "rtb-01a0560f0b6348ac9",
            "owner_id": "272459341377",
            "propagating_vgws": [],
            "route": [
              {
                "carrier_gateway_id": "",
                "cidr_block": "0.0.0.0/0",
                "core_network_arn": "",
                "destination_prefix_list_id": "",
                "egress_only_gateway_id": "",
                "gateway_id": "igw-06de32ef37a29f4ad",
                "instance_id": "",
                "ipv6_cidr_block": "",
                "local_gateway_id": "",
                "nat_gateway_id": "",
                "network_interface_id": "",
                "transit_gateway_id": "",
                "vpc_endpoint_id": "",
                "vpc_peering_connection_id": ""
              }
            ],
            "tags": {
              "Name": "default_vpc_pub_rt",
              "env": "default"
            },
            "tags_all": {
              "Name": "default_vpc_pub_rt",
              "env": "default"
            },
            "timeouts": null,
            "vpc_id": "vpc-0871ec0190f726348"
          },
          "sensitive_attributes": [],
          "private": "eyJlMmJmYjczMC1lY2FhLTExZTYtOGY4OC0zNDM2M2JjN2M0YzAiOnsiY3JlYXRlIjozMDAwMDAwMDAwMDAsImRlbGV0ZSI6MzAwMDAwMDAwMDAwLCJ1cGRhdGUiOjEyMDAwMDAwMDAwMH19",
          "dependencies": [
            "module.nw.aws_internet_gateway.igw",
            "module.nw.aws_vpc.test_vpc"
          ]
        }
      ]
    },
    {
      "module": "module.nw",
      "mode": "managed",
      "type": "aws_route_table_association",
      "name": "pbsnet_assoc",
      "provider": "provider[\"registry.terraform.io/hashicorp/aws\"]",
      "instances": [
        {
          "index_key": "snet-pb-1",
          "schema_version": 0,
          "attributes": {
            "gateway_id": "",
            "id": "rtbassoc-07b52c760737f965e",
            "route_table_id": "rtb-01a0560f0b6348ac9",
            "subnet_id": "subnet-0e6f66bf0600ae342"
          },
          "sensitive_attributes": [],
          "private": "bnVsbA==",
          "dependencies": [
            "module.nw.aws_internet_gateway.igw",
            "module.nw.aws_route_table.pub_rt",
            "module.nw.aws_subnet.pub-snet",
            "module.nw.aws_vpc.test_vpc"
          ]
        },
        {
          "index_key": "snet-pb-2",
          "schema_version": 0,
          "attributes": {
            "gateway_id": "",
            "id": "rtbassoc-001e6420eea927574",
            "route_table_id": "rtb-01a0560f0b6348ac9",
            "subnet_id": "subnet-007ee61a72ad28ae0"
          },
          "sensitive_attributes": [],
          "private": "bnVsbA==",
          "dependencies": [
            "module.nw.aws_internet_gateway.igw",
            "module.nw.aws_route_table.pub_rt",
            "module.nw.aws_subnet.pub-snet",
            "module.nw.aws_vpc.test_vpc"
          ]
        }
      ]
    },
    {
      "module": "module.nw",
      "mode": "managed",
      "type": "aws_subnet",
      "name": "pri-snet",
      "provider": "provider[\"registry.terraform.io/hashicorp/aws\"]",
      "instances": [
        {
          "index_key": "snet-pvt-1",
          "schema_version": 1,
          "attributes": {
            "arn": "arn:aws:ec2:ap-southeast-1:272459341377:subnet/subnet-09354569ea99e9e9f",
            "assign_ipv6_address_on_creation": false,
            "availability_zone": "ap-southeast-1a",
            "availability_zone_id": "apse1-az1",
            "cidr_block": "10.0.8.0/22",
            "customer_owned_ipv4_pool": "",
            "enable_dns64": false,
            "enable_resource_name_dns_a_record_on_launch": false,
            "enable_resource_name_dns_aaaa_record_on_launch": false,
            "id": "subnet-09354569ea99e9e9f",
            "ipv6_cidr_block": "",
            "ipv6_cidr_block_association_id": "",
            "ipv6_native": false,
            "map_customer_owned_ip_on_launch": false,
            "map_public_ip_on_launch": false,
            "outpost_arn": "",
            "owner_id": "272459341377",
            "private_dns_hostname_type_on_launch": "ip-name",
            "tags": null,
            "tags_all": {},
            "timeouts": null,
            "vpc_id": "vpc-0871ec0190f726348"
          },
          "sensitive_attributes": [],
          "private": "eyJlMmJmYjczMC1lY2FhLTExZTYtOGY4OC0zNDM2M2JjN2M0YzAiOnsiY3JlYXRlIjo2MDAwMDAwMDAwMDAsImRlbGV0ZSI6MTIwMDAwMDAwMDAwMH0sInNjaGVtYV92ZXJzaW9uIjoiMSJ9",
          "dependencies": [
            "module.nw.aws_vpc.test_vpc"
          ]
        },
        {
          "index_key": "snet-pvt-2",
          "schema_version": 1,
          "attributes": {
            "arn": "arn:aws:ec2:ap-southeast-1:272459341377:subnet/subnet-0c18c66f87fcc065c",
            "assign_ipv6_address_on_creation": false,
            "availability_zone": "ap-southeast-1b",
            "availability_zone_id": "apse1-az2",
            "cidr_block": "10.0.12.0/22",
            "customer_owned_ipv4_pool": "",
            "enable_dns64": false,
            "enable_resource_name_dns_a_record_on_launch": false,
            "enable_resource_name_dns_aaaa_record_on_launch": false,
            "id": "subnet-0c18c66f87fcc065c",
            "ipv6_cidr_block": "",
            "ipv6_cidr_block_association_id": "",
            "ipv6_native": false,
            "map_customer_owned_ip_on_launch": false,
            "map_public_ip_on_launch": false,
            "outpost_arn": "",
            "owner_id": "272459341377",
            "private_dns_hostname_type_on_launch": "ip-name",
            "tags": null,
            "tags_all": {},
            "timeouts": null,
            "vpc_id": "vpc-0871ec0190f726348"
          },
          "sensitive_attributes": [],
          "private": "eyJlMmJmYjczMC1lY2FhLTExZTYtOGY4OC0zNDM2M2JjN2M0YzAiOnsiY3JlYXRlIjo2MDAwMDAwMDAwMDAsImRlbGV0ZSI6MTIwMDAwMDAwMDAwMH0sInNjaGVtYV92ZXJzaW9uIjoiMSJ9",
          "dependencies": [
            "module.nw.aws_vpc.test_vpc"
          ]
        }
      ]
    },
    {
      "module": "module.nw",
      "mode": "managed",
      "type": "aws_subnet",
      "name": "pub-snet",
      "provider": "provider[\"registry.terraform.io/hashicorp/aws\"]",
      "instances": [
        {
          "index_key": "snet-pb-1",
          "schema_version": 1,
          "attributes": {
            "arn": "arn:aws:ec2:ap-southeast-1:272459341377:subnet/subnet-0e6f66bf0600ae342",
            "assign_ipv6_address_on_creation": false,
            "availability_zone": "ap-southeast-1a",
            "availability_zone_id": "apse1-az1",
            "cidr_block": "10.0.0.0/22",
            "customer_owned_ipv4_pool": "",
            "enable_dns64": false,
            "enable_resource_name_dns_a_record_on_launch": false,
            "enable_resource_name_dns_aaaa_record_on_launch": false,
            "id": "subnet-0e6f66bf0600ae342",
            "ipv6_cidr_block": "",
            "ipv6_cidr_block_association_id": "",
            "ipv6_native": false,
            "map_customer_owned_ip_on_launch": false,
            "map_public_ip_on_launch": true,
            "outpost_arn": "",
            "owner_id": "272459341377",
            "private_dns_hostname_type_on_launch": "ip-name",
            "tags": null,
            "tags_all": {},
            "timeouts": null,
            "vpc_id": "vpc-0871ec0190f726348"
          },
          "sensitive_attributes": [],
          "private": "eyJlMmJmYjczMC1lY2FhLTExZTYtOGY4OC0zNDM2M2JjN2M0YzAiOnsiY3JlYXRlIjo2MDAwMDAwMDAwMDAsImRlbGV0ZSI6MTIwMDAwMDAwMDAwMH0sInNjaGVtYV92ZXJzaW9uIjoiMSJ9",
          "dependencies": [
            "module.nw.aws_vpc.test_vpc"
          ]
        },
        {
          "index_key": "snet-pb-2",
          "schema_version": 1,
          "attributes": {
            "arn": "arn:aws:ec2:ap-southeast-1:272459341377:subnet/subnet-007ee61a72ad28ae0",
            "assign_ipv6_address_on_creation": false,
            "availability_zone": "ap-southeast-1b",
            "availability_zone_id": "apse1-az2",
            "cidr_block": "10.0.4.0/22",
            "customer_owned_ipv4_pool": "",
            "enable_dns64": false,
            "enable_resource_name_dns_a_record_on_launch": false,
            "enable_resource_name_dns_aaaa_record_on_launch": false,
            "id": "subnet-007ee61a72ad28ae0",
            "ipv6_cidr_block": "",
            "ipv6_cidr_block_association_id": "",
            "ipv6_native": false,
            "map_customer_owned_ip_on_launch": false,
            "map_public_ip_on_launch": true,
            "outpost_arn": "",
            "owner_id": "272459341377",
            "private_dns_hostname_type_on_launch": "ip-name",
            "tags": null,
            "tags_all": {},
            "timeouts": null,
            "vpc_id": "vpc-0871ec0190f726348"
          },
          "sensitive_attributes": [],
          "private": "eyJlMmJmYjczMC1lY2FhLTExZTYtOGY4OC0zNDM2M2JjN2M0YzAiOnsiY3JlYXRlIjo2MDAwMDAwMDAwMDAsImRlbGV0ZSI6MTIwMDAwMDAwMDAwMH0sInNjaGVtYV92ZXJzaW9uIjoiMSJ9",
          "dependencies": [
            "module.nw.aws_vpc.test_vpc"
          ]
        }
      ]
    },
    {
      "module": "module.nw",
      "mode": "managed",
      "type": "aws_vpc",
      "name": "test_vpc",
      "provider": "provider[\"registry.terraform.io/hashicorp/aws\"]",
      "instances": [
        {
          "schema_version": 1,
          "attributes": {
            "arn": "arn:aws:ec2:ap-southeast-1:272459341377:vpc/vpc-0871ec0190f726348",
            "assign_generated_ipv6_cidr_block": false,
            "cidr_block": "10.0.0.0/20",
            "default_network_acl_id": "acl-0e3bcd8ce7f68ae34",
            "default_route_table_id": "rtb-084ef4d14f478291d",
            "default_security_group_id": "sg-0e6d525cd1a54a43f",
            "dhcp_options_id": "dopt-0fd11f527b9cc5661",
            "enable_classiclink": false,
            "enable_classiclink_dns_support": false,
            "enable_dns_hostnames": false,
            "enable_dns_support": true,
            "id": "vpc-0871ec0190f726348",
            "instance_tenancy": "default",
            "ipv4_ipam_pool_id": null,
            "ipv4_netmask_length": null,
            "ipv6_association_id": "",
            "ipv6_cidr_block": "",
            "ipv6_cidr_block_network_border_group": "",
            "ipv6_ipam_pool_id": "",
            "ipv6_netmask_length": 0,
            "main_route_table_id": "rtb-084ef4d14f478291d",
            "owner_id": "272459341377",
            "tags": {
              "Name": "default_vpc",
              "env": "default"
            },
            "tags_all": {
              "Name": "default_vpc",
              "env": "default"
            }
          },
          "sensitive_attributes": [],
          "private": "eyJzY2hlbWFfdmVyc2lvbiI6IjEifQ=="
        }
      ]
    },
    {
      "module": "module.sg",
      "mode": "managed",
      "type": "aws_security_group",
      "name": "allow_tls",
      "provider": "module.sg.provider[\"registry.terraform.io/hashicorp/aws\"]",
      "instances": [
        {
          "index_key": "ec2-sg",
          "schema_version": 1,
          "attributes": {
            "arn": "arn:aws:ec2:ap-southeast-1:272459341377:security-group/sg-0009a2e4a707eed6b",
            "description": "SG for ec2",
            "egress": [
              {
                "cidr_blocks": [
                  "0.0.0.0/0"
                ],
                "description": "",
                "from_port": 0,
                "ipv6_cidr_blocks": [
                  "::/0"
                ],
                "prefix_list_ids": [],
                "protocol": "-1",
                "security_groups": [],
                "self": false,
                "to_port": 0
              }
            ],
            "id": "sg-0009a2e4a707eed6b",
            "ingress": [
              {
                "cidr_blocks": [
                  "0.0.0.0/0"
                ],
                "description": "",
                "from_port": 22,
                "ipv6_cidr_blocks": [],
                "prefix_list_ids": [],
                "protocol": "tcp",
                "security_groups": [],
                "self": false,
                "to_port": 22
              },
              {
                "cidr_blocks": [
                  "0.0.0.0/0"
                ],
                "description": "",
                "from_port": 443,
                "ipv6_cidr_blocks": [],
                "prefix_list_ids": [],
                "protocol": "tcp",
                "security_groups": [],
                "self": false,
                "to_port": 443
              },
              {
                "cidr_blocks": [
                  "0.0.0.0/0"
                ],
                "description": "",
                "from_port": 80,
                "ipv6_cidr_blocks": [],
                "prefix_list_ids": [],
                "protocol": "tcp",
                "security_groups": [],
                "self": false,
                "to_port": 80
              }
            ],
            "name": "ec2-http/s",
            "name_prefix": "",
            "owner_id": "272459341377",
            "revoke_rules_on_delete": false,
            "tags": null,
            "tags_all": {},
            "timeouts": null,
            "vpc_id": "vpc-0871ec0190f726348"
          },
          "sensitive_attributes": [],
          "private": "eyJlMmJmYjczMC1lY2FhLTExZTYtOGY4OC0zNDM2M2JjN2M0YzAiOnsiY3JlYXRlIjo2MDAwMDAwMDAwMDAsImRlbGV0ZSI6OTAwMDAwMDAwMDAwfSwic2NoZW1hX3ZlcnNpb24iOiIxIn0=",
          "dependencies": [
            "module.nw.aws_vpc.test_vpc"
          ]
        },
        {
          "index_key": "lb-sg",
          "schema_version": 1,
          "attributes": {
            "arn": "arn:aws:ec2:ap-southeast-1:272459341377:security-group/sg-0c4f783e8ff1c0603",
            "description": "SG for ELB",
            "egress": [
              {
                "cidr_blocks": [
                  "0.0.0.0/0"
                ],
                "description": "",
                "from_port": 0,
                "ipv6_cidr_blocks": [
                  "::/0"
                ],
                "prefix_list_ids": [],
                "protocol": "-1",
                "security_groups": [],
                "self": false,
                "to_port": 0
              }
            ],
            "id": "sg-0c4f783e8ff1c0603",
            "ingress": [
              {
                "cidr_blocks": [
                  "0.0.0.0/0"
                ],
                "description": "",
                "from_port": 22,
                "ipv6_cidr_blocks": [],
                "prefix_list_ids": [],
                "protocol": "tcp",
                "security_groups": [],
                "self": false,
                "to_port": 22
              },
              {
                "cidr_blocks": [
                  "0.0.0.0/0"
                ],
                "description": "",
                "from_port": 443,
                "ipv6_cidr_blocks": [],
                "prefix_list_ids": [],
                "protocol": "tcp",
                "security_groups": [],
                "self": false,
                "to_port": 443
              },
              {
                "cidr_blocks": [
                  "0.0.0.0/0"
                ],
                "description": "",
                "from_port": 80,
                "ipv6_cidr_blocks": [],
                "prefix_list_ids": [],
                "protocol": "tcp",
                "security_groups": [],
                "self": false,
                "to_port": 80
              }
            ],
            "name": "lb-http/s",
            "name_prefix": "",
            "owner_id": "272459341377",
            "revoke_rules_on_delete": false,
            "tags": null,
            "tags_all": {},
            "timeouts": null,
            "vpc_id": "vpc-0871ec0190f726348"
          },
          "sensitive_attributes": [],
          "private": "eyJlMmJmYjczMC1lY2FhLTExZTYtOGY4OC0zNDM2M2JjN2M0YzAiOnsiY3JlYXRlIjo2MDAwMDAwMDAwMDAsImRlbGV0ZSI6OTAwMDAwMDAwMDAwfSwic2NoZW1hX3ZlcnNpb24iOiIxIn0=",
          "dependencies": [
            "module.nw.aws_vpc.test_vpc"
          ]
        }
      ]
    },
    {
      "module": "module.sg2",
      "mode": "managed",
      "type": "aws_security_group",
      "name": "allow_tls",
      "provider": "module.sg2.provider[\"registry.terraform.io/hashicorp/aws\"]",
      "instances": [
        {
          "index_key": "rds-sg",
          "schema_version": 1,
          "attributes": {
            "arn": "arn:aws:ec2:ap-southeast-1:272459341377:security-group/sg-009921f78a9773258",
            "description": "SG for ELB",
            "egress": [
              {
                "cidr_blocks": [
                  "0.0.0.0/0"
                ],
                "description": "",
                "from_port": 0,
                "ipv6_cidr_blocks": [
                  "::/0"
                ],
                "prefix_list_ids": [],
                "protocol": "-1",
                "security_groups": [],
                "self": false,
                "to_port": 0
              }
            ],
            "id": "sg-009921f78a9773258",
            "ingress": [
              {
                "cidr_blocks": [
                  "0.0.0.0/0"
                ],
                "description": "",
                "from_port": 3306,
                "ipv6_cidr_blocks": [],
                "prefix_list_ids": [],
                "protocol": "tcp",
                "security_groups": [
                  "sg-0009a2e4a707eed6b"
                ],
                "self": false,
                "to_port": 3306
              }
            ],
            "name": "lb_http/s",
            "name_prefix": "",
            "owner_id": "272459341377",
            "revoke_rules_on_delete": false,
            "tags": null,
            "tags_all": {},
            "timeouts": null,
            "vpc_id": "vpc-0871ec0190f726348"
          },
          "sensitive_attributes": [],
          "private": "eyJlMmJmYjczMC1lY2FhLTExZTYtOGY4OC0zNDM2M2JjN2M0YzAiOnsiY3JlYXRlIjo2MDAwMDAwMDAwMDAsImRlbGV0ZSI6OTAwMDAwMDAwMDAwfSwic2NoZW1hX3ZlcnNpb24iOiIxIn0=",
          "dependencies": [
            "module.nw.aws_vpc.test_vpc",
            "module.sg.aws_security_group.allow_tls"
          ]
        }
      ]
    }
  ]
}
